
Microsoft Visual Studio Solution File, Format Version 12.00
# Visual Studio Version 17
VisualStudioVersion = 17.5.002.0
MinimumVisualStudioVersion = 10.0.40219.1
Project("{9A19103F-16F7-4668-BE54-9A1E7A4F7556}") = "240219_01", "240219_01.csproj", "{A95ECADB-A95B-4189-9A2F-198F25B06E07}"
EndProject
Global
	GlobalSection(SolutionConfigurationPlatforms) = preSolution
		Debug|Any CPU = Debug|Any CPU
		Release|Any CPU = Release|Any CPU
	EndGlobalSection
	GlobalSection(ProjectConfigurationPlatforms) = postSolution
		{A95ECADB-A95B-4189-9A2F-198F25B06E07}.Debug|Any CPU.ActiveCfg = Debug|Any CPU
		{A95ECADB-A95B-4189-9A2F-198F25B06E07}.Debug|Any CPU.Build.0 = Debug|Any CPU
		{A95ECADB-A95B-4189-9A2F-198F25B06E07}.Release|Any CPU.ActiveCfg = Release|Any CPU
		{A95ECADB-A95B-4189-9A2F-198F25B06E07}.Release|Any CPU.Build.0 = Release|Any CPU
	EndGlobalSection
	GlobalSection(SolutionProperties) = preSolution
		HideSolutionNode = FALSE
	EndGlobalSection
	GlobalSection(ExtensibilityGlobals) = postSolution
		SolutionGuid = {4BA20A0E-D0D1-4DEE-ACE5-C6D0067288BD}
	EndGlobalSection
EndGlobal
